PODS:
  - Flutter (1.0.0)
  - integration_test (0.0.1):
    - Flutter
  - vinidpay_flutter_plugin (0.0.1):
    - Flutter
    - VinIDPayA2A (= 1.0.8)
  - VinIDPayA2A (1.0.8)

DEPENDENCIES:
  - Flutter (from `Flutter`)
  - integration_test (from `.symlinks/plugins/integration_test/ios`)
  - vinidpay_flutter_plugin (from `.symlinks/plugins/vinidpay_flutter_plugin/ios`)

SPEC REPOS:
  trunk:
    - VinIDPayA2A

EXTERNAL SOURCES:
  Flutter:
    :path: Flutter
  integration_test:
    :path: ".symlinks/plugins/integration_test/ios"
  vinidpay_flutter_plugin:
    :path: ".symlinks/plugins/vinidpay_flutter_plugin/ios"

SPEC CHECKSUMS:
  Flutter: f04841e97a9d0b0a8025694d0796dd46242b2854
  integration_test: 13825b8a9334a850581300559b8839134b124670
  vinidpay_flutter_plugin: 4ab9f4cf64338ecf8d3caacb12680a56692503f0
  VinIDPayA2A: da35f500acacd5ebf6da321ec31c5396136cca58

PODFILE CHECKSUM: 70d9d25280d0dd177a5f637cdb0f0b0b12c6a189

COCOAPODS: 1.12.1
